// !$*UTF8*$!
{
	archiveVersion = 1;
	classes = {
	};
	objectVersion = 56;
	objects = {

/* Begin PBXBuildFile section */
		3B0141CA2CB0D073006D7FA0 /* API.swift in Sources */ = {isa = PBXBuildFile; fileRef = 3B0141C92CB0D073006D7FA0 /* API.swift */; };
		3B0141CD2CB118E6006D7FA0 /* Alamofire in Frameworks */ = {isa = PBXBuildFile; productRef = 3B0141CC2CB118E6006D7FA0 /* Alamofire */; };
		3B0141CF2CB11D0D006D7FA0 /* AccessTokenEntity.swift in Sources */ = {isa = PBXBuildFile; fileRef = 3B0141CE2CB11D0D006D7FA0 /* AccessTokenEntity.swift */; };
		3B0141D12CB11D6D006D7FA0 /* QiitaItemEntity.swift in Sources */ = {isa = PBXBuildFile; fileRef = 3B0141D02CB11D6D006D7FA0 /* QiitaItemEntity.swift */; };
		3B0141D52CB1687C006D7FA0 /* AppRouter.swift in Sources */ = {isa = PBXBuildFile; fileRef = 3B0141D42CB1687C006D7FA0 /* AppRouter.swift */; };
		3B0141D72CB169E2006D7FA0 /* AppPresenter.swift in Sources */ = {isa = PBXBuildFile; fileRef = 3B0141D62CB169E2006D7FA0 /* AppPresenter.swift */; };
		3B0141D92CB16A0A006D7FA0 /* AppInteractor.swift in Sources */ = {isa = PBXBuildFile; fileRef = 3B0141D82CB16A0A006D7FA0 /* AppInteractor.swift */; };
		3B0141E32CB17A9E006D7FA0 /* LoginPresenter.swift in Sources */ = {isa = PBXBuildFile; fileRef = 3B0141E22CB17A9E006D7FA0 /* LoginPresenter.swift */; };
		3B0141E52CB17AEB006D7FA0 /* LoginInteractor.swift in Sources */ = {isa = PBXBuildFile; fileRef = 3B0141E42CB17AEB006D7FA0 /* LoginInteractor.swift */; };
		3B0141E72CB17B25006D7FA0 /* LoginRouter.swift in Sources */ = {isa = PBXBuildFile; fileRef = 3B0141E62CB17B25006D7FA0 /* LoginRouter.swift */; };
		3B0141E92CB17C42006D7FA0 /* Login.storyboard in Resources */ = {isa = PBXBuildFile; fileRef = 3B0141E82CB17C42006D7FA0 /* Login.storyboard */; };
		3B0141EB2CB17C61006D7FA0 /* LoginViewController.swift in Sources */ = {isa = PBXBuildFile; fileRef = 3B0141EA2CB17C61006D7FA0 /* LoginViewController.swift */; };
		3B0141ED2CB26B62006D7FA0 /* Items.storyboard in Resources */ = {isa = PBXBuildFile; fileRef = 3B0141EC2CB26B62006D7FA0 /* Items.storyboard */; };
		3B0141F12CB26B91006D7FA0 /* ItemsViewController.swift in Sources */ = {isa = PBXBuildFile; fileRef = 3B0141F02CB26B91006D7FA0 /* ItemsViewController.swift */; };
		3B0141F32CB27975006D7FA0 /* ItemsInteractor.swift in Sources */ = {isa = PBXBuildFile; fileRef = 3B0141F22CB27975006D7FA0 /* ItemsInteractor.swift */; };
		3B0141F52CB2832E006D7FA0 /* ItemsRouter.swift in Sources */ = {isa = PBXBuildFile; fileRef = 3B0141F42CB2832E006D7FA0 /* ItemsRouter.swift */; };
		3B0141F92CB284EA006D7FA0 /* ItemsPresenter.swift in Sources */ = {isa = PBXBuildFile; fileRef = 3B0141F82CB284EA006D7FA0 /* ItemsPresenter.swift */; };
		3B45DAED2C96F1870026A268 /* AppDelegate.swift in Sources */ = {isa = PBXBuildFile; fileRef = 3B45DAEC2C96F1870026A268 /* AppDelegate.swift */; };
		3B45DAEF2C96F1870026A268 /* SceneDelegate.swift in Sources */ = {isa = PBXBuildFile; fileRef = 3B45DAEE2C96F1870026A268 /* SceneDelegate.swift */; };
		3B45DAF12C96F1870026A268 /* ViewController.swift in Sources */ = {isa = PBXBuildFile; fileRef = 3B45DAF02C96F1870026A268 /* ViewController.swift */; };
		3B45DAF62C96F1890026A268 /* Assets.xcassets in Resources */ = {isa = PBXBuildFile; fileRef = 3B45DAF52C96F1890026A268 /* Assets.xcassets */; };
		3B45DAF92C96F1890026A268 /* Base in Resources */ = {isa = PBXBuildFile; fileRef = 3B45DAF82C96F1890026A268 /* Base */; };
		3B45DB042C96F1890026A268 /* ViperSampleTests.swift in Sources */ = {isa = PBXBuildFile; fileRef = 3B45DB032C96F1890026A268 /* ViperSampleTests.swift */; };
		3B45DB0E2C96F18A0026A268 /* ViperSampleUITests.swift in Sources */ = {isa = PBXBuildFile; fileRef = 3B45DB0D2C96F18A0026A268 /* ViperSampleUITests.swift */; };
		3B45DB102C96F18A0026A268 /* ViperSampleUITestsLaunchTests.swift in Sources */ = {isa = PBXBuildFile; fileRef = 3B45DB0F2C96F18A0026A268 /* ViperSampleUITestsLaunchTests.swift */; };
		3B45DB252CAE20E10026A268 /* UserDefaults+.swift in Sources */ = {isa = PBXBuildFile; fileRef = 3B45DB242CAE20E10026A268 /* UserDefaults+.swift */; };
		3B45DB272CAE21A30026A268 /* Notification+.swift in Sources */ = {isa = PBXBuildFile; fileRef = 3B45DB262CAE21A30026A268 /* Notification+.swift */; };
/* End PBXBuildFile section */

/* Begin PBXContainerItemProxy section */
		3B45DB002C96F1890026A268 /* PBXContainerItemProxy */ = {
			isa = PBXContainerItemProxy;
			containerPortal = 3B45DAE12C96F1870026A268 /* Project object */;
			proxyType = 1;
			remoteGlobalIDString = 3B45DAE82C96F1870026A268;
			remoteInfo = ViperSample;
		};
		3B45DB0A2C96F18A0026A268 /* PBXContainerItemProxy */ = {
			isa = PBXContainerItemProxy;
			containerPortal = 3B45DAE12C96F1870026A268 /* Project object */;
			proxyType = 1;
			remoteGlobalIDString = 3B45DAE82C96F1870026A268;
			remoteInfo = ViperSample;
		};
/* End PBXContainerItemProxy section */

/* Begin PBXFileReference section */
		3B0141C92CB0D073006D7FA0 /* API.swift */ = {isa = PBXFileReference; lastKnownFileType = sourcecode.swift; path = API.swift; sourceTree = "<group>"; };
		3B0141CE2CB11D0D006D7FA0 /* AccessTokenEntity.swift */ = {isa = PBXFileReference; lastKnownFileType = sourcecode.swift; path = AccessTokenEntity.swift; sourceTree = "<group>"; };
		3B0141D02CB11D6D006D7FA0 /* QiitaItemEntity.swift */ = {isa = PBXFileReference; lastKnownFileType = sourcecode.swift; path = QiitaItemEntity.swift; sourceTree = "<group>"; };
		3B0141D42CB1687C006D7FA0 /* AppRouter.swift */ = {isa = PBXFileReference; lastKnownFileType = sourcecode.swift; path = AppRouter.swift; sourceTree = "<group>"; };
		3B0141D62CB169E2006D7FA0 /* AppPresenter.swift */ = {isa = PBXFileReference; lastKnownFileType = sourcecode.swift; path = AppPresenter.swift; sourceTree = "<group>"; };
		3B0141D82CB16A0A006D7FA0 /* AppInteractor.swift */ = {isa = PBXFileReference; lastKnownFileType = sourcecode.swift; path = AppInteractor.swift; sourceTree = "<group>"; };
		3B0141E22CB17A9E006D7FA0 /* LoginPresenter.swift */ = {isa = PBXFileReference; lastKnownFileType = sourcecode.swift; path = LoginPresenter.swift; sourceTree = "<group>"; };
		3B0141E42CB17AEB006D7FA0 /* LoginInteractor.swift */ = {isa = PBXFileReference; lastKnownFileType = sourcecode.swift; path = LoginInteractor.swift; sourceTree = "<group>"; };
		3B0141E62CB17B25006D7FA0 /* LoginRouter.swift */ = {isa = PBXFileReference; lastKnownFileType = sourcecode.swift; path = LoginRouter.swift; sourceTree = "<group>"; };
		3B0141E82CB17C42006D7FA0 /* Login.storyboard */ = {isa = PBXFileReference; lastKnownFileType = file.storyboard; path = Login.storyboard; sourceTree = "<group>"; };
		3B0141EA2CB17C61006D7FA0 /* LoginViewController.swift */ = {isa = PBXFileReference; lastKnownFileType = sourcecode.swift; path = LoginViewController.swift; sourceTree = "<group>"; };
		3B0141EC2CB26B62006D7FA0 /* Items.storyboard */ = {isa = PBXFileReference; lastKnownFileType = file.storyboard; path = Items.storyboard; sourceTree = "<group>"; };
		3B0141F02CB26B91006D7FA0 /* ItemsViewController.swift */ = {isa = PBXFileReference; lastKnownFileType = sourcecode.swift; path = ItemsViewController.swift; sourceTree = "<group>"; };
		3B0141F22CB27975006D7FA0 /* ItemsInteractor.swift */ = {isa = PBXFileReference; lastKnownFileType = sourcecode.swift; path = ItemsInteractor.swift; sourceTree = "<group>"; };
		3B0141F42CB2832E006D7FA0 /* ItemsRouter.swift */ = {isa = PBXFileReference; lastKnownFileType = sourcecode.swift; path = ItemsRouter.swift; sourceTree = "<group>"; };
		3B0141F82CB284EA006D7FA0 /* ItemsPresenter.swift */ = {isa = PBXFileReference; lastKnownFileType = sourcecode.swift; path = ItemsPresenter.swift; sourceTree = "<group>"; };
		3B45DAE92C96F1870026A268 /* ViperSample.app */ = {isa = PBXFileReference; explicitFileType = wrapper.application; includeInIndex = 0; path = ViperSample.app; sourceTree = BUILT_PRODUCTS_DIR; };
		3B45DAEC2C96F1870026A268 /* AppDelegate.swift */ = {isa = PBXFileReference; lastKnownFileType = sourcecode.swift; path = AppDelegate.swift; sourceTree = "<group>"; };
		3B45DAEE2C96F1870026A268 /* SceneDelegate.swift */ = {isa = PBXFileReference; lastKnownFileType = sourcecode.swift; path = SceneDelegate.swift; sourceTree = "<group>"; };
		3B45DAF02C96F1870026A268 /* ViewController.swift */ = {isa = PBXFileReference; lastKnownFileType = sourcecode.swift; path = ViewController.swift; sourceTree = "<group>"; };
		3B45DAF52C96F1890026A268 /* Assets.xcassets */ = {isa = PBXFileReference; lastKnownFileType = folder.assetcatalog; path = Assets.xcassets; sourceTree = "<group>"; };
		3B45DAF82C96F1890026A268 /* Base */ = {isa = PBXFileReference; lastKnownFileType = file.storyboard; name = Base; path = Base.lproj/LaunchScreen.storyboard; sourceTree = "<group>"; };
		3B45DAFA2C96F1890026A268 /* Info.plist */ = {isa = PBXFileReference; lastKnownFileType = text.plist.xml; path = Info.plist; sourceTree = "<group>"; };
		3B45DAFF2C96F1890026A268 /* ViperSampleTests.xctest */ = {isa = PBXFileReference; explicitFileType = wrapper.cfbundle; includeInIndex = 0; path = ViperSampleTests.xctest; sourceTree = BUILT_PRODUCTS_DIR; };
		3B45DB032C96F1890026A268 /* ViperSampleTests.swift */ = {isa = PBXFileReference; lastKnownFileType = sourcecode.swift; path = ViperSampleTests.swift; sourceTree = "<group>"; };
		3B45DB092C96F18A0026A268 /* ViperSampleUITests.xctest */ = {isa = PBXFileReference; explicitFileType = wrapper.cfbundle; includeInIndex = 0; path = ViperSampleUITests.xctest; sourceTree = BUILT_PRODUCTS_DIR; };
		3B45DB0D2C96F18A0026A268 /* ViperSampleUITests.swift */ = {isa = PBXFileReference; lastKnownFileType = sourcecode.swift; path = ViperSampleUITests.swift; sourceTree = "<group>"; };
		3B45DB0F2C96F18A0026A268 /* ViperSampleUITestsLaunchTests.swift */ = {isa = PBXFileReference; lastKnownFileType = sourcecode.swift; path = ViperSampleUITestsLaunchTests.swift; sourceTree = "<group>"; };
		3B45DB242CAE20E10026A268 /* UserDefaults+.swift */ = {isa = PBXFileReference; lastKnownFileType = sourcecode.swift; path = "UserDefaults+.swift"; sourceTree = "<group>"; };
		3B45DB262CAE21A30026A268 /* Notification+.swift */ = {isa = PBXFileReference; lastKnownFileType = sourcecode.swift; path = "Notification+.swift"; sourceTree = "<group>"; };
/* End PBXFileReference section */

/* Begin PBXFrameworksBuildPhase section */
		3B45DAE62C96F1870026A268 /* Frameworks */ = {
			isa = PBXFrameworksBuildPhase;
			buildActionMask = 2147483647;
			files = (
				3B0141CD2CB118E6006D7FA0 /* Alamofire in Frameworks */,
			);
			runOnlyForDeploymentPostprocessing = 0;
		};
		3B45DAFC2C96F1890026A268 /* Frameworks */ = {
			isa = PBXFrameworksBuildPhase;
			buildActionMask = 2147483647;
			files = (
			);
			runOnlyForDeploymentPostprocessing = 0;
		};
		3B45DB062C96F18A0026A268 /* Frameworks */ = {
			isa = PBXFrameworksBuildPhase;
			buildActionMask = 2147483647;
			files = (
			);
			runOnlyForDeploymentPostprocessing = 0;
		};
/* End PBXFrameworksBuildPhase section */

/* Begin PBXGroup section */
		3B0141C82CB0D065006D7FA0 /* API */ = {
			isa = PBXGroup;
			children = (
				3B0141C92CB0D073006D7FA0 /* API.swift */,
			);
			path = API;
			sourceTree = "<group>";
		};
		3B0141DA2CB1794D006D7FA0 /* Presenter */ = {
			isa = PBXGroup;
			children = (
				3B0141E22CB17A9E006D7FA0 /* LoginPresenter.swift */,
			);
			path = Presenter;
			sourceTree = "<group>";
		};
		3B0141DB2CB17959006D7FA0 /* View */ = {
			isa = PBXGroup;
			children = (
				3B0141E82CB17C42006D7FA0 /* Login.storyboard */,
				3B0141EA2CB17C61006D7FA0 /* LoginViewController.swift */,
			);
			path = View;
			sourceTree = "<group>";
		};
		3B0141DC2CB17965006D7FA0 /* Interactor */ = {
			isa = PBXGroup;
			children = (
				3B0141E42CB17AEB006D7FA0 /* LoginInteractor.swift */,
			);
			path = Interactor;
			sourceTree = "<group>";
		};
		3B0141DD2CB1797F006D7FA0 /* Router */ = {
			isa = PBXGroup;
			children = (
				3B0141E62CB17B25006D7FA0 /* LoginRouter.swift */,
			);
			path = Router;
			sourceTree = "<group>";
		};
		3B0141DE2CB179A7006D7FA0 /* Presenter */ = {
			isa = PBXGroup;
			children = (
				3B0141F82CB284EA006D7FA0 /* ItemsPresenter.swift */,
			);
			path = Presenter;
			sourceTree = "<group>";
		};
		3B0141DF2CB179B7006D7FA0 /* View */ = {
			isa = PBXGroup;
			children = (
				3B0141EC2CB26B62006D7FA0 /* Items.storyboard */,
				3B0141F02CB26B91006D7FA0 /* ItemsViewController.swift */,
			);
			path = View;
			sourceTree = "<group>";
		};
		3B0141E02CB179C2006D7FA0 /* Interactor */ = {
			isa = PBXGroup;
			children = (
				3B0141F22CB27975006D7FA0 /* ItemsInteractor.swift */,
			);
			path = Interactor;
			sourceTree = "<group>";
		};
		3B0141E12CB179D0006D7FA0 /* Router */ = {
			isa = PBXGroup;
			children = (
				3B0141F42CB2832E006D7FA0 /* ItemsRouter.swift */,
			);
			path = Router;
			sourceTree = "<group>";
		};
		3B45DAE02C96F1870026A268 = {
			isa = PBXGroup;
			children = (
				3B45DAEB2C96F1870026A268 /* ViperSample */,
				3B45DB222CAE1EEC0026A268 /* Login */,
				3B45DB232CAE1EFA0026A268 /* Items */,
				3B45DB022C96F1890026A268 /* ViperSampleTests */,
				3B45DB0C2C96F18A0026A268 /* ViperSampleUITests */,
				3B45DAEA2C96F1870026A268 /* Products */,
			);
			sourceTree = "<group>";
		};
		3B45DAEA2C96F1870026A268 /* Products */ = {
			isa = PBXGroup;
			children = (
				3B45DAE92C96F1870026A268 /* ViperSample.app */,
				3B45DAFF2C96F1890026A268 /* ViperSampleTests.xctest */,
				3B45DB092C96F18A0026A268 /* ViperSampleUITests.xctest */,
			);
			name = Products;
			sourceTree = "<group>";
		};
		3B45DAEB2C96F1870026A268 /* ViperSample */ = {
			isa = PBXGroup;
			children = (
				3B45DB202CAE1ED00026A268 /* Extension */,
				3B45DB1F2CAE1EBE0026A268 /* Utility */,
				3B45DB1C2CAE1E970026A268 /* Entity */,
				3B45DB212CAE1EDF0026A268 /* Application */,
				3B45DAF02C96F1870026A268 /* ViewController.swift */,
				3B45DAEE2C96F1870026A268 /* SceneDelegate.swift */,
				3B45DAEC2C96F1870026A268 /* AppDelegate.swift */,
				3B45DAF52C96F1890026A268 /* Assets.xcassets */,
				3B45DAF72C96F1890026A268 /* LaunchScreen.storyboard */,
				3B45DAFA2C96F1890026A268 /* Info.plist */,
			);
			path = ViperSample;
			sourceTree = "<group>";
		};
		3B45DB022C96F1890026A268 /* ViperSampleTests */ = {
			isa = PBXGroup;
			children = (
				3B45DB032C96F1890026A268 /* ViperSampleTests.swift */,
			);
			path = ViperSampleTests;
			sourceTree = "<group>";
		};
		3B45DB0C2C96F18A0026A268 /* ViperSampleUITests */ = {
			isa = PBXGroup;
			children = (
				3B45DB0D2C96F18A0026A268 /* ViperSampleUITests.swift */,
				3B45DB0F2C96F18A0026A268 /* ViperSampleUITestsLaunchTests.swift */,
			);
			path = ViperSampleUITests;
			sourceTree = "<group>";
		};
		3B45DB1C2CAE1E970026A268 /* Entity */ = {
			isa = PBXGroup;
			children = (
				3B0141CE2CB11D0D006D7FA0 /* AccessTokenEntity.swift */,
				3B0141D02CB11D6D006D7FA0 /* QiitaItemEntity.swift */,
			);
			path = Entity;
			sourceTree = "<group>";
		};
		3B45DB1F2CAE1EBE0026A268 /* Utility */ = {
			isa = PBXGroup;
			children = (
				3B0141C82CB0D065006D7FA0 /* API */,
			);
			path = Utility;
			sourceTree = "<group>";
		};
		3B45DB202CAE1ED00026A268 /* Extension */ = {
			isa = PBXGroup;
			children = (
				3B45DB242CAE20E10026A268 /* UserDefaults+.swift */,
				3B45DB262CAE21A30026A268 /* Notification+.swift */,
			);
			path = Extension;
			sourceTree = "<group>";
		};
		3B45DB212CAE1EDF0026A268 /* Application */ = {
			isa = PBXGroup;
			children = (
				3B0141D42CB1687C006D7FA0 /* AppRouter.swift */,
				3B0141D62CB169E2006D7FA0 /* AppPresenter.swift */,
				3B0141D82CB16A0A006D7FA0 /* AppInteractor.swift */,
			);
			path = Application;
			sourceTree = "<group>";
		};
		3B45DB222CAE1EEC0026A268 /* Login */ = {
			isa = PBXGroup;
			children = (
				3B0141DA2CB1794D006D7FA0 /* Presenter */,
				3B0141DB2CB17959006D7FA0 /* View */,
				3B0141DC2CB17965006D7FA0 /* Interactor */,
				3B0141DD2CB1797F006D7FA0 /* Router */,
			);
			path = Login;
			sourceTree = "<group>";
		};
		3B45DB232CAE1EFA0026A268 /* Items */ = {
			isa = PBXGroup;
			children = (
				3B0141DE2CB179A7006D7FA0 /* Presenter */,
				3B0141DF2CB179B7006D7FA0 /* View */,
				3B0141E02CB179C2006D7FA0 /* Interactor */,
				3B0141E12CB179D0006D7FA0 /* Router */,
			);
			path = Items;
			sourceTree = "<group>";
		};
/* End PBXGroup section */

/* Begin PBXNativeTarget section */
		3B45DAE82C96F1870026A268 /* ViperSample */ = {
			isa = PBXNativeTarget;
			buildConfigurationList = 3B45DB132C96F18A0026A268 /* Build configuration list for PBXNativeTarget "ViperSample" */;
			buildPhases = (
				3B45DAE52C96F1870026A268 /* Sources */,
				3B45DAE62C96F1870026A268 /* Frameworks */,
				3B45DAE72C96F1870026A268 /* Resources */,
			);
			buildRules = (
			);
			dependencies = (
			);
			name = ViperSample;
			packageProductDependencies = (
				3B0141CC2CB118E6006D7FA0 /* Alamofire */,
			);
			productName = ViperSample;
			productReference = 3B45DAE92C96F1870026A268 /* ViperSample.app */;
			productType = "com.apple.product-type.application";
		};
		3B45DAFE2C96F1890026A268 /* ViperSampleTests */ = {
			isa = PBXNativeTarget;
			buildConfigurationList = 3B45DB162C96F18A0026A268 /* Build configuration list for PBXNativeTarget "ViperSampleTests" */;
			buildPhases = (
				3B45DAFB2C96F1890026A268 /* Sources */,
				3B45DAFC2C96F1890026A268 /* Frameworks */,
				3B45DAFD2C96F1890026A268 /* Resources */,
			);
			buildRules = (
			);
			dependencies = (
				3B45DB012C96F1890026A268 /* PBXTargetDependency */,
			);
			name = ViperSampleTests;
			productName = ViperSampleTests;
			productReference = 3B45DAFF2C96F1890026A268 /* ViperSampleTests.xctest */;
			productType = "com.apple.product-type.bundle.unit-test";
		};
		3B45DB082C96F18A0026A268 /* ViperSampleUITests */ = {
			isa = PBXNativeTarget;
			buildConfigurationList = 3B45DB192C96F18A0026A268 /* Build configuration list for PBXNativeTarget "ViperSampleUITests" */;
			buildPhases = (
				3B45DB052C96F18A0026A268 /* Sources */,
				3B45DB062C96F18A0026A268 /* Frameworks */,
				3B45DB072C96F18A0026A268 /* Resources */,
			);
			buildRules = (
			);
			dependencies = (
				3B45DB0B2C96F18A0026A268 /* PBXTargetDependency */,
			);
			name = ViperSampleUITests;
			productName = ViperSampleUITests;
			productReference = 3B45DB092C96F18A0026A268 /* ViperSampleUITests.xctest */;
			productType = "com.apple.product-type.bundle.ui-testing";
		};
/* End PBXNativeTarget section */

/* Begin PBXProject section */
		3B45DAE12C96F1870026A268 /* Project object */ = {
			isa = PBXProject;
			attributes = {
				BuildIndependentTargetsInParallel = 1;
				LastSwiftUpdateCheck = 1530;
				LastUpgradeCheck = 1530;
				TargetAttributes = {
					3B45DAE82C96F1870026A268 = {
						CreatedOnToolsVersion = 15.3;
					};
					3B45DAFE2C96F1890026A268 = {
						CreatedOnToolsVersion = 15.3;
						TestTargetID = 3B45DAE82C96F1870026A268;
					};
					3B45DB082C96F18A0026A268 = {
						CreatedOnToolsVersion = 15.3;
						TestTargetID = 3B45DAE82C96F1870026A268;
					};
				};
			};
			buildConfigurationList = 3B45DAE42C96F1870026A268 /* Build configuration list for PBXProject "ViperSample" */;
			compatibilityVersion = "Xcode 14.0";
			developmentRegion = en;
			hasScannedForEncodings = 0;
			knownRegions = (
				en,
				Base,
			);
			mainGroup = 3B45DAE02C96F1870026A268;
			packageReferences = (
				3B0141CB2CB1189D006D7FA0 /* XCRemoteSwiftPackageReference "Alamofire" */,
			);
			productRefGroup = 3B45DAEA2C96F1870026A268 /* Products */;
			projectDirPath = "";
			projectRoot = "";
			targets = (
				3B45DAE82C96F1870026A268 /* ViperSample */,
				3B45DAFE2C96F1890026A268 /* ViperSampleTests */,
				3B45DB082C96F18A0026A268 /* ViperSampleUITests */,
			);
		};
/* End PBXProject section */

/* Begin PBXResourcesBuildPhase section */
		3B45DAE72C96F1870026A268 /* Resources */ = {
			isa = PBXResourcesBuildPhase;
			buildActionMask = 2147483647;
			files = (
				3B45DAF62C96F1890026A268 /* Assets.xcassets in Resources */,
				3B0141ED2CB26B62006D7FA0 /* Items.storyboard in Resources */,
				3B45DAF92C96F1890026A268 /* Base in Resources */,
				3B0141E92CB17C42006D7FA0 /* Login.storyboard in Resources */,
			);
			runOnlyForDeploymentPostprocessing = 0;
		};
		3B45DAFD2C96F1890026A268 /* Resources */ = {
			isa = PBXResourcesBuildPhase;
			buildActionMask = 2147483647;
			files = (
			);
			runOnlyForDeploymentPostprocessing = 0;
		};
		3B45DB072C96F18A0026A268 /* Resources */ = {
			isa = PBXResourcesBuildPhase;
			buildActionMask = 2147483647;
			files = (
			);
			runOnlyForDeploymentPostprocessing = 0;
		};
/* End PBXResourcesBuildPhase section */

/* Begin PBXSourcesBuildPhase section */
		3B45DAE52C96F1870026A268 /* Sources */ = {
			isa = PBXSourcesBuildPhase;
			buildActionMask = 2147483647;
			files = (
				3B0141F32CB27975006D7FA0 /* ItemsInteractor.swift in Sources */,
				3B0141E32CB17A9E006D7FA0 /* LoginPresenter.swift in Sources */,
				3B45DB252CAE20E10026A268 /* UserDefaults+.swift in Sources */,
				3B45DAF12C96F1870026A268 /* ViewController.swift in Sources */,
				3B0141EB2CB17C61006D7FA0 /* LoginViewController.swift in Sources */,
				3B0141F52CB2832E006D7FA0 /* ItemsRouter.swift in Sources */,
				3B45DAED2C96F1870026A268 /* AppDelegate.swift in Sources */,
				3B0141F12CB26B91006D7FA0 /* ItemsViewController.swift in Sources */,
				3B45DB272CAE21A30026A268 /* Notification+.swift in Sources */,
				3B0141D12CB11D6D006D7FA0 /* QiitaItemEntity.swift in Sources */,
				3B0141D52CB1687C006D7FA0 /* AppRouter.swift in Sources */,
				3B0141F92CB284EA006D7FA0 /* ItemsPresenter.swift in Sources */,
				3B0141D72CB169E2006D7FA0 /* AppPresenter.swift in Sources */,
				3B0141CF2CB11D0D006D7FA0 /* AccessTokenEntity.swift in Sources */,
				3B0141D92CB16A0A006D7FA0 /* AppInteractor.swift in Sources */,
				3B0141E52CB17AEB006D7FA0 /* LoginInteractor.swift in Sources */,
				3B0141CA2CB0D073006D7FA0 /* API.swift in Sources */,
				3B0141E72CB17B25006D7FA0 /* LoginRouter.swift in Sources */,
				3B45DAEF2C96F1870026A268 /* SceneDelegate.swift in Sources */,
			);
			runOnlyForDeploymentPostprocessing = 0;
		};
		3B45DAFB2C96F1890026A268 /* Sources */ = {
			isa = PBXSourcesBuildPhase;
			buildActionMask = 2147483647;
			files = (
				3B45DB042C96F1890026A268 /* ViperSampleTests.swift in Sources */,
			);
			runOnlyForDeploymentPostprocessing = 0;
		};
		3B45DB052C96F18A0026A268 /* Sources */ = {
			isa = PBXSourcesBuildPhase;
			buildActionMask = 2147483647;
			files = (
				3B45DB0E2C96F18A0026A268 /* ViperSampleUITests.swift in Sources */,
				3B45DB102C96F18A0026A268 /* ViperSampleUITestsLaunchTests.swift in Sources */,
			);
			runOnlyForDeploymentPostprocessing = 0;
		};
/* End PBXSourcesBuildPhase section */

/* Begin PBXTargetDependency section */
		3B45DB012C96F1890026A268 /* PBXTargetDependency */ = {
			isa = PBXTargetDependency;
			target = 3B45DAE82C96F1870026A268 /* ViperSample */;
			targetProxy = 3B45DB002C96F1890026A268 /* PBXContainerItemProxy */;
		};
		3B45DB0B2C96F18A0026A268 /* PBXTargetDependency */ = {
			isa = PBXTargetDependency;
			target = 3B45DAE82C96F1870026A268 /* ViperSample */;
			targetProxy = 3B45DB0A2C96F18A0026A268 /* PBXContainerItemProxy */;
		};
/* End PBXTargetDependency section */

/* Begin PBXVariantGroup section */
		3B45DAF72C96F1890026A268 /* LaunchScreen.storyboard */ = {
			isa = PBXVariantGroup;
			children = (
				3B45DAF82C96F1890026A268 /* Base */,
			);
			name = LaunchScreen.storyboard;
			sourceTree = "<group>";
		};
/* End PBXVariantGroup section */

/* Begin XCBuildConfiguration section */
		3B45DB112C96F18A0026A268 /* Debug */ = {
			isa = XCBuildConfiguration;
			buildSettings = {
				ALWAYS_SEARCH_USER_PATHS = NO;
				ASSETCATALOG_COMPILER_GENERATE_SWIFT_ASSET_SYMBOL_EXTENSIONS = YES;
				CLANG_ANALYZER_NONNULL = YES;
				CLANG_ANALYZER_NUMBER_OBJECT_CONVERSION = YES_AGGRESSIVE;
				CLANG_CXX_LANGUAGE_STANDARD = "gnu++20";
				CLANG_ENABLE_MODULES = YES;
				CLANG_ENABLE_OBJC_ARC = YES;
				CLANG_ENABLE_OBJC_WEAK = YES;
				CLANG_WARN_BLOCK_CAPTURE_AUTORELEASING = YES;
				CLANG_WARN_BOOL_CONVERSION = YES;
				CLANG_WARN_COMMA = YES;
				CLANG_WARN_CONSTANT_CONVERSION = YES;
				CLANG_WARN_DEPRECATED_OBJC_IMPLEMENTATIONS = YES;
				CLANG_WARN_DIRECT_OBJC_ISA_USAGE = YES_ERROR;
				CLANG_WARN_DOCUMENTATION_COMMENTS = YES;
				CLANG_WARN_EMPTY_BODY = YES;
				CLANG_WARN_ENUM_CONVERSION = YES;
				CLANG_WARN_INFINITE_RECURSION = YES;
				CLANG_WARN_INT_CONVERSION = YES;
				CLANG_WARN_NON_LITERAL_NULL_CONVERSION = YES;
				CLANG_WARN_OBJC_IMPLICIT_RETAIN_SELF = YES;
				CLANG_WARN_OBJC_LITERAL_CONVERSION = YES;
				CLANG_WARN_OBJC_ROOT_CLASS = YES_ERROR;
				CLANG_WARN_QUOTED_INCLUDE_IN_FRAMEWORK_HEADER = YES;
				CLANG_WARN_RANGE_LOOP_ANALYSIS = YES;
				CLANG_WARN_STRICT_PROTOTYPES = YES;
				CLANG_WARN_SUSPICIOUS_MOVE = YES;
				CLANG_WARN_UNGUARDED_AVAILABILITY = YES_AGGRESSIVE;
				CLANG_WARN_UNREACHABLE_CODE = YES;
				CLANG_WARN__DUPLICATE_METHOD_MATCH = YES;
				COPY_PHASE_STRIP = NO;
				DEBUG_INFORMATION_FORMAT = dwarf;
				ENABLE_STRICT_OBJC_MSGSEND = YES;
				ENABLE_TESTABILITY = YES;
				ENABLE_USER_SCRIPT_SANDBOXING = YES;
				GCC_C_LANGUAGE_STANDARD = gnu17;
				GCC_DYNAMIC_NO_PIC = NO;
				GCC_NO_COMMON_BLOCKS = YES;
				GCC_OPTIMIZATION_LEVEL = 0;
				GCC_PREPROCESSOR_DEFINITIONS = (
					"DEBUG=1",
					"$(inherited)",
				);
				GCC_WARN_64_TO_32_BIT_CONVERSION = YES;
				GCC_WARN_ABOUT_RETURN_TYPE = YES_ERROR;
				GCC_WARN_UNDECLARED_SELECTOR = YES;
				GCC_WARN_UNINITIALIZED_AUTOS = YES_AGGRESSIVE;
				GCC_WARN_UNUSED_FUNCTION = YES;
				GCC_WARN_UNUSED_VARIABLE = YES;
				IPHONEOS_DEPLOYMENT_TARGET = 17.4;
				LOCALIZATION_PREFERS_STRING_CATALOGS = YES;
				MTL_ENABLE_DEBUG_INFO = INCLUDE_SOURCE;
				MTL_FAST_MATH = YES;
				ONLY_ACTIVE_ARCH = YES;
				SDKROOT = iphoneos;
				SWIFT_ACTIVE_COMPILATION_CONDITIONS = "DEBUG $(inherited)";
				SWIFT_OPTIMIZATION_LEVEL = "-Onone";
			};
			name = Debug;
		};
		3B45DB122C96F18A0026A268 /* Release */ = {
			isa = XCBuildConfiguration;
			buildSettings = {
				ALWAYS_SEARCH_USER_PATHS = NO;
				ASSETCATALOG_COMPILER_GENERATE_SWIFT_ASSET_SYMBOL_EXTENSIONS = YES;
				CLANG_ANALYZER_NONNULL = YES;
				CLANG_ANALYZER_NUMBER_OBJECT_CONVERSION = YES_AGGRESSIVE;
				CLANG_CXX_LANGUAGE_STANDARD = "gnu++20";
				CLANG_ENABLE_MODULES = YES;
				CLANG_ENABLE_OBJC_ARC = YES;
				CLANG_ENABLE_OBJC_WEAK = YES;
				CLANG_WARN_BLOCK_CAPTURE_AUTORELEASING = YES;
				CLANG_WARN_BOOL_CONVERSION = YES;
				CLANG_WARN_COMMA = YES;
				CLANG_WARN_CONSTANT_CONVERSION = YES;
				CLANG_WARN_DEPRECATED_OBJC_IMPLEMENTATIONS = YES;
				CLANG_WARN_DIRECT_OBJC_ISA_USAGE = YES_ERROR;
				CLANG_WARN_DOCUMENTATION_COMMENTS = YES;
				CLANG_WARN_EMPTY_BODY = YES;
				CLANG_WARN_ENUM_CONVERSION = YES;
				CLANG_WARN_INFINITE_RECURSION = YES;
				CLANG_WARN_INT_CONVERSION = YES;
				CLANG_WARN_NON_LITERAL_NULL_CONVERSION = YES;
				CLANG_WARN_OBJC_IMPLICIT_RETAIN_SELF = YES;
				CLANG_WARN_OBJC_LITERAL_CONVERSION = YES;
				CLANG_WARN_OBJC_ROOT_CLASS = YES_ERROR;
				CLANG_WARN_QUOTED_INCLUDE_IN_FRAMEWORK_HEADER = YES;
				CLANG_WARN_RANGE_LOOP_ANALYSIS = YES;
				CLANG_WARN_STRICT_PROTOTYPES = YES;
				CLANG_WARN_SUSPICIOUS_MOVE = YES;
				CLANG_WARN_UNGUARDED_AVAILABILITY = YES_AGGRESSIVE;
				CLANG_WARN_UNREACHABLE_CODE = YES;
				CLANG_WARN__DUPLICATE_METHOD_MATCH = YES;
				COPY_PHASE_STRIP = NO;
				DEBUG_INFORMATION_FORMAT = "dwarf-with-dsym";
				ENABLE_NS_ASSERTIONS = NO;
				ENABLE_STRICT_OBJC_MSGSEND = YES;
				ENABLE_USER_SCRIPT_SANDBOXING = YES;
				GCC_C_LANGUAGE_STANDARD = gnu17;
				GCC_NO_COMMON_BLOCKS = YES;
				GCC_WARN_64_TO_32_BIT_CONVERSION = YES;
				GCC_WARN_ABOUT_RETURN_TYPE = YES_ERROR;
				GCC_WARN_UNDECLARED_SELECTOR = YES;
				GCC_WARN_UNINITIALIZED_AUTOS = YES_AGGRESSIVE;
				GCC_WARN_UNUSED_FUNCTION = YES;
				GCC_WARN_UNUSED_VARIABLE = YES;
				IPHONEOS_DEPLOYMENT_TARGET = 17.4;
				LOCALIZATION_PREFERS_STRING_CATALOGS = YES;
				MTL_ENABLE_DEBUG_INFO = NO;
				MTL_FAST_MATH = YES;
				SDKROOT = iphoneos;
				SWIFT_COMPILATION_MODE = wholemodule;
				VALIDATE_PRODUCT = YES;
			};
			name = Release;
		};
		3B45DB142C96F18A0026A268 /* Debug */ = {
			isa = XCBuildConfiguration;
			buildSettings = {
				ASSETCATALOG_COMPILER_APPICON_NAME = AppIcon;
				ASSETCATALOG_COMPILER_GLOBAL_ACCENT_COLOR_NAME = AccentColor;
				CODE_SIGN_STYLE = Automatic;
				CURRENT_PROJECT_VERSION = 1;
				DEVELOPMENT_TEAM = DW275526Z6;
				GENERATE_INFOPLIST_FILE = YES;
				INFOPLIST_FILE = ViperSample/Info.plist;
				INFOPLIST_KEY_UIApplicationSupportsIndirectInputEvents = YES;
				INFOPLIST_KEY_UILaunchStoryboardName = LaunchScreen;
				INFOPLIST_KEY_UIMainStoryboardFile = "";
				INFOPLIST_KEY_UISupportedInterfaceOrientations_iPad = "UIInterfaceOrientationPortrait UIInterfaceOrientationPortraitUpsideDown UIInterfaceOrientationLandscapeLeft UIInterfaceOrientationLandscapeRight";
				INFOPLIST_KEY_UISupportedInterfaceOrientations_iPhone = "UIInterfaceOrientationPortrait UIInterfaceOrientationLandscapeLeft UIInterfaceOrientationLandscapeRight";
				IPHONEOS_DEPLOYMENT_TARGET = 15.0;
				LD_RUNPATH_SEARCH_PATHS = (
					"$(inherited)",
					"@executable_path/Frameworks",
				);
				MARKETING_VERSION = 1.0;
				PRODUCT_BUNDLE_IDENTIFIER = com.imael.ViperSample;
				PRODUCT_NAME = "$(TARGET_NAME)";
				SWIFT_EMIT_LOC_STRINGS = YES;
				SWIFT_VERSION = 5.0;
				TARGETED_DEVICE_FAMILY = "1,2";
			};
			name = Debug;
		};
		3B45DB152C96F18A0026A268 /* Release */ = {
			isa = XCBuildConfiguration;
			buildSettings = {
				ASSETCATALOG_COMPILER_APPICON_NAME = AppIcon;
				ASSETCATALOG_COMPILER_GLOBAL_ACCENT_COLOR_NAME = AccentColor;
				CODE_SIGN_STYLE = Automatic;
				CURRENT_PROJECT_VERSION = 1;
				DEVELOPMENT_TEAM = DW275526Z6;
				GENERATE_INFOPLIST_FILE = YES;
				INFOPLIST_FILE = ViperSample/Info.plist;
				INFOPLIST_KEY_UIApplicationSupportsIndirectInputEvents = YES;
				INFOPLIST_KEY_UILaunchStoryboardName = LaunchScreen;
				INFOPLIST_KEY_UIMainStoryboardFile = "";
				INFOPLIST_KEY_UISupportedInterfaceOrientations_iPad = "UIInterfaceOrientationPortrait UIInterfaceOrientationPortraitUpsideDown UIInterfaceOrientationLandscapeLeft UIInterfaceOrientationLandscapeRight";
				INFOPLIST_KEY_UISupportedInterfaceOrientations_iPhone = "UIInterfaceOrientationPortrait UIInterfaceOrientationLandscapeLeft UIInterfaceOrientationLandscapeRight";
				IPHONEOS_DEPLOYMENT_TARGET = 15.0;
				LD_RUNPATH_SEARCH_PATHS = (
					"$(inherited)",
					"@executable_path/Frameworks",
				);
				MARKETING_VERSION = 1.0;
				PRODUCT_BUNDLE_IDENTIFIER = com.imael.ViperSample;
				PRODUCT_NAME = "$(TARGET_NAME)";
				SWIFT_EMIT_LOC_STRINGS = YES;
				SWIFT_VERSION = 5.0;
				TARGETED_DEVICE_FAMILY = "1,2";
			};
			name = Release;
		};
		3B45DB172C96F18A0026A268 /* Debug */ = {
			isa = XCBuildConfiguration;
			buildSettings = {
				ALWAYS_EMBED_SWIFT_STANDARD_LIBRARIES = YES;
				BUNDLE_LOADER = "$(TEST_HOST)";
				CODE_SIGN_STYLE = Automatic;
				CURRENT_PROJECT_VERSION = 1;
				DEVELOPMENT_TEAM = DW275526Z6;
				GENERATE_INFOPLIST_FILE = YES;
				IPHONEOS_DEPLOYMENT_TARGET = 17.4;
				MARKETING_VERSION = 1.0;
				PRODUCT_BUNDLE_IDENTIFIER = com.imael.ViperSampleTests;
				PRODUCT_NAME = "$(TARGET_NAME)";
				SWIFT_EMIT_LOC_STRINGS = NO;
				SWIFT_VERSION = 5.0;
				TARGETED_DEVICE_FAMILY = "1,2";
				TEST_HOST = "$(BUILT_PRODUCTS_DIR)/ViperSample.app/$(BUNDLE_EXECUTABLE_FOLDER_PATH)/ViperSample";
			};
			name = Debug;
		};
		3B45DB182C96F18A0026A268 /* Release */ = {
			isa = XCBuildConfiguration;
			buildSettings = {
				ALWAYS_EMBED_SWIFT_STANDARD_LIBRARIES = YES;
				BUNDLE_LOADER = "$(TEST_HOST)";
				CODE_SIGN_STYLE = Automatic;
				CURRENT_PROJECT_VERSION = 1;
				DEVELOPMENT_TEAM = DW275526Z6;
				GENERATE_INFOPLIST_FILE = YES;
				IPHONEOS_DEPLOYMENT_TARGET = 17.4;
				MARKETING_VERSION = 1.0;
				PRODUCT_BUNDLE_IDENTIFIER = com.imael.ViperSampleTests;
				PRODUCT_NAME = "$(TARGET_NAME)";
				SWIFT_EMIT_LOC_STRINGS = NO;
				SWIFT_VERSION = 5.0;
				TARGETED_DEVICE_FAMILY = "1,2";
				TEST_HOST = "$(BUILT_PRODUCTS_DIR)/ViperSample.app/$(BUNDLE_EXECUTABLE_FOLDER_PATH)/ViperSample";
			};
			name = Release;
		};
		3B45DB1A2C96F18A0026A268 /* Debug */ = {
			isa = XCBuildConfiguration;
			buildSettings = {
				ALWAYS_EMBED_SWIFT_STANDARD_LIBRARIES = YES;
				CODE_SIGN_STYLE = Automatic;
				CURRENT_PROJECT_VERSION = 1;
				DEVELOPMENT_TEAM = DW275526Z6;
				GENERATE_INFOPLIST_FILE = YES;
				MARKETING_VERSION = 1.0;
				PRODUCT_BUNDLE_IDENTIFIER = com.imael.ViperSampleUITests;
				PRODUCT_NAME = "$(TARGET_NAME)";
				SWIFT_EMIT_LOC_STRINGS = NO;
				SWIFT_VERSION = 5.0;
				TARGETED_DEVICE_FAMILY = "1,2";
				TEST_TARGET_NAME = ViperSample;
			};
			name = Debug;
		};
		3B45DB1B2C96F18A0026A268 /* Release */ = {
			isa = XCBuildConfiguration;
			buildSettings = {
				ALWAYS_EMBED_SWIFT_STANDARD_LIBRARIES = YES;
				CODE_SIGN_STYLE = Automatic;
				CURRENT_PROJECT_VERSION = 1;
				DEVELOPMENT_TEAM = DW275526Z6;
				GENERATE_INFOPLIST_FILE = YES;
				MARKETING_VERSION = 1.0;
				PRODUCT_BUNDLE_IDENTIFIER = com.imael.ViperSampleUITests;
				PRODUCT_NAME = "$(TARGET_NAME)";
				SWIFT_EMIT_LOC_STRINGS = NO;
				SWIFT_VERSION = 5.0;
				TARGETED_DEVICE_FAMILY = "1,2";
				TEST_TARGET_NAME = ViperSample;
			};
			name = Release;
		};
/* End XCBuildConfiguration section */

/* Begin XCConfigurationList section */
		3B45DAE42C96F1870026A268 /* Build configuration list for PBXProject "ViperSample" */ = {
			isa = XCConfigurationList;
			buildConfigurations = (
				3B45DB112C96F18A0026A268 /* Debug */,
				3B45DB122C96F18A0026A268 /* Release */,
			);
			defaultConfigurationIsVisible = 0;
			defaultConfigurationName = Release;
		};
		3B45DB132C96F18A0026A268 /* Build configuration list for PBXNativeTarget "ViperSample" */ = {
			isa = XCConfigurationList;
			buildConfigurations = (
				3B45DB142C96F18A0026A268 /* Debug */,
				3B45DB152C96F18A0026A268 /* Release */,
			);
			defaultConfigurationIsVisible = 0;
			defaultConfigurationName = Release;
		};
		3B45DB162C96F18A0026A268 /* Build configuration list for PBXNativeTarget "ViperSampleTests" */ = {
			isa = XCConfigurationList;
			buildConfigurations = (
				3B45DB172C96F18A0026A268 /* Debug */,
				3B45DB182C96F18A0026A268 /* Release */,
			);
			defaultConfigurationIsVisible = 0;
			defaultConfigurationName = Release;
		};
		3B45DB192C96F18A0026A268 /* Build configuration list for PBXNativeTarget "ViperSampleUITests" */ = {
			isa = XCConfigurationList;
			buildConfigurations = (
				3B45DB1A2C96F18A0026A268 /* Debug */,
				3B45DB1B2C96F18A0026A268 /* Release */,
			);
			defaultConfigurationIsVisible = 0;
			defaultConfigurationName = Release;
		};
/* End XCConfigurationList section */

/* Begin XCRemoteSwiftPackageReference section */
		3B0141CB2CB1189D006D7FA0 /* XCRemoteSwiftPackageReference "Alamofire" */ = {
			isa = XCRemoteSwiftPackageReference;
			repositoryURL = "https://github.com/Alamofire/Alamofire";
			requirement = {
				kind = upToNextMajorVersion;
				minimumVersion = 5.9.1;
			};
		};
/* End XCRemoteSwiftPackageReference section */

/* Begin XCSwiftPackageProductDependency section */
		3B0141CC2CB118E6006D7FA0 /* Alamofire */ = {
			isa = XCSwiftPackageProductDependency;
			package = 3B0141CB2CB1189D006D7FA0 /* XCRemoteSwiftPackageReference "Alamofire" */;
			productName = Alamofire;
		};
/* End XCSwiftPackageProductDependency section */
	};
	rootObject = 3B45DAE12C96F1870026A268 /* Project object */;
}
